schema: '2.0'
stages:
  load_data:
    cmd: python src/load_data.py --config=params.yaml
    deps:
    - path: data_given/winequality.csv
      md5: ccc8d3507eb151f53f760d36abdef888
      size: 91998
    - path: src/get_data.py
      md5: c8064c267e35a4682f6a3fa08d13d03c
      size: 640
    - path: src/load_data.py
      md5: be2a3879629c22c73c0e620aa01414fb
      size: 661
    outs:
    - path: data/raw/winequality.csv
      md5: d98e8f2eca228c11c4de1cc96866a54d
      size: 91998
